<?xml version="1.0" encoding="utf-8"?>
<Project ToolsVersion="4.0" xmlns="http://schemas.microsoft.com/developer/msbuild/2003">
  <ItemGroup>
    <Filter Include="源文件">
      <UniqueIdentifier>{4FC737F1-C7A5-4376-A066-2A32D752A2FF}</UniqueIdentifier>
      <Extensions>cpp;c;cc;cxx;c++;cppm;ixx;def;odl;idl;hpj;bat;asm;asmx</Extensions>
    </Filter>
    <Filter Include="头文件">
      <UniqueIdentifier>{93995380-89BD-4b04-88EB-625FBE52EBFB}</UniqueIdentifier>
      <Extensions>h;hh;hpp;hxx;h++;hm;inl;inc;ipp;xsd</Extensions>
    </Filter>
    <Filter Include="资源文件">
      <UniqueIdentifier>{67DA6AB6-F800-4c08-8B7A-83BB121AAD01}</UniqueIdentifier>
      <Extensions>rc;ico;cur;bmp;dlg;rc2;rct;bin;rgs;gif;jpg;jpeg;jpe;resx;tiff;tif;png;wav;mfcribbon-ms</Extensions>
    </Filter>
    <Filter Include="sqlitecpp">
      <UniqueIdentifier>{80cf6eeb-2b30-4516-93a4-69534764828e}</UniqueIdentifier>
    </Filter>
    <Filter Include="sqlitecpp\header">
      <UniqueIdentifier>{38e11805-d205-4d1e-85b3-66c316d92e7e}</UniqueIdentifier>
    </Filter>
    <Filter Include="sqlitecpp\src">
      <UniqueIdentifier>{b21674a2-03f4-4d5c-beab-5aa8921efc63}</UniqueIdentifier>
    </Filter>
    <Filter Include="sqlitecpp\sqlite3">
      <UniqueIdentifier>{2f3502bb-3fd4-405e-9149-2d7e8d32822e}</UniqueIdentifier>
    </Filter>
  </ItemGroup>
  <ItemGroup>
    <ClInclude Include="vld_demo_vs2019.h">
      <Filter>头文件</Filter>
    </ClInclude>
    <ClInclude Include="vld_demo_vs2019Dlg.h">
      <Filter>头文件</Filter>
    </ClInclude>
    <ClInclude Include="framework.h">
      <Filter>头文件</Filter>
    </ClInclude>
    <ClInclude Include="targetver.h">
      <Filter>头文件</Filter>
    </ClInclude>
    <ClInclude Include="Resource.h">
      <Filter>头文件</Filter>
    </ClInclude>
    <ClInclude Include="pch.h">
      <Filter>头文件</Filter>
    </ClInclude>
    <ClInclude Include="..\glog\log_severity.h">
      <Filter>头文件</Filter>
    </ClInclude>
    <ClInclude Include="..\glog\logging.h">
      <Filter>头文件</Filter>
    </ClInclude>
    <ClInclude Include="..\glog\raw_logging.h">
      <Filter>头文件</Filter>
    </ClInclude>
    <ClInclude Include="..\glog\stl_logging.h">
      <Filter>头文件</Filter>
    </ClInclude>
    <ClInclude Include="..\glog\vlog_is_on.h">
      <Filter>头文件</Filter>
    </ClInclude>
    <ClInclude Include="..\sqlitecpp\Assertion.h">
      <Filter>sqlitecpp\header</Filter>
    </ClInclude>
    <ClInclude Include="..\sqlitecpp\Backup.h">
      <Filter>sqlitecpp\header</Filter>
    </ClInclude>
    <ClInclude Include="..\sqlitecpp\Column.h">
      <Filter>sqlitecpp\header</Filter>
    </ClInclude>
    <ClInclude Include="..\sqlitecpp\Database.h">
      <Filter>sqlitecpp\header</Filter>
    </ClInclude>
    <ClInclude Include="..\sqlitecpp\Exception.h">
      <Filter>sqlitecpp\header</Filter>
    </ClInclude>
    <ClInclude Include="..\sqlitecpp\ExecuteMany.h">
      <Filter>sqlitecpp\header</Filter>
    </ClInclude>
    <ClInclude Include="..\sqlitecpp\SQLiteCpp.h">
      <Filter>sqlitecpp\header</Filter>
    </ClInclude>
    <ClInclude Include="..\sqlitecpp\Statement.h">
      <Filter>sqlitecpp\header</Filter>
    </ClInclude>
    <ClInclude Include="..\sqlitecpp\Transaction.h">
      <Filter>sqlitecpp\header</Filter>
    </ClInclude>
    <ClInclude Include="..\sqlitecpp\Utils.h">
      <Filter>sqlitecpp\header</Filter>
    </ClInclude>
    <ClInclude Include="..\sqlitecpp\VariadicBind.h">
      <Filter>sqlitecpp\header</Filter>
    </ClInclude>
    <ClInclude Include="..\SQLite\sqlite3.h">
      <Filter>sqlitecpp\sqlite3</Filter>
    </ClInclude>
  </ItemGroup>
  <ItemGroup>
    <ClCompile Include="vld_demo_vs2019.cpp">
      <Filter>源文件</Filter>
    </ClCompile>
    <ClCompile Include="vld_demo_vs2019Dlg.cpp">
      <Filter>源文件</Filter>
    </ClCompile>
    <ClCompile Include="pch.cpp">
      <Filter>源文件</Filter>
    </ClCompile>
    <ClCompile Include="..\sqlitecpp\src\Backup.cpp">
      <Filter>sqlitecpp\src</Filter>
    </ClCompile>
    <ClCompile Include="..\sqlitecpp\src\Column.cpp">
      <Filter>sqlitecpp\src</Filter>
    </ClCompile>
    <ClCompile Include="..\sqlitecpp\src\Database.cpp">
      <Filter>sqlitecpp\src</Filter>
    </ClCompile>
    <ClCompile Include="..\sqlitecpp\src\Exception.cpp">
      <Filter>sqlitecpp\src</Filter>
    </ClCompile>
    <ClCompile Include="..\sqlitecpp\src\Statement.cpp">
      <Filter>sqlitecpp\src</Filter>
    </ClCompile>
    <ClCompile Include="..\sqlitecpp\src\Transaction.cpp">
      <Filter>sqlitecpp\src</Filter>
    </ClCompile>
  </ItemGroup>
  <ItemGroup>
    <ResourceCompile Include="vlddemovs2019.rc">
      <Filter>资源文件</Filter>
    </ResourceCompile>
  </ItemGroup>
  <ItemGroup>
    <None Include="res\vlddemovs2019.rc2">
      <Filter>资源文件</Filter>
    </None>
    <None Include="..\glog\logging.h.in">
      <Filter>头文件</Filter>
    </None>
    <None Include="..\glog\raw_logging.h.in">
      <Filter>头文件</Filter>
    </None>
    <None Include="..\glog\stl_logging.h.in">
      <Filter>头文件</Filter>
    </None>
    <None Include="..\glog\vlog_is_on.h.in">
      <Filter>头文件</Filter>
    </None>
  </ItemGroup>
  <ItemGroup>
    <Image Include="res\vld_demo_vs2019.ico">
      <Filter>资源文件</Filter>
    </Image>
  </ItemGroup>
</Project>